// !$*UTF8*$!
{
	archiveVersion = 1;
	classes = {
	};
	objectVersion = 55;
	objects = {

/* Begin PBXBuildFile section */
		4C2370A328981CE5000B9B64 /* RATP_testApp.swift in Sources */ = {isa = PBXBuildFile; fileRef = 4C2370A228981CE5000B9B64 /* RATP_testApp.swift */; };
		4C2370A528981CE5000B9B64 /* HomeView.swift in Sources */ = {isa = PBXBuildFile; fileRef = 4C2370A428981CE5000B9B64 /* HomeView.swift */; };
		4C2370A728981CE6000B9B64 /* Assets.xcassets in Resources */ = {isa = PBXBuildFile; fileRef = 4C2370A628981CE6000B9B64 /* Assets.xcassets */; };
		4C2370AA28981CE6000B9B64 /* Preview Assets.xcassets in Resources */ = {isa = PBXBuildFile; fileRef = 4C2370A928981CE6000B9B64 /* Preview Assets.xcassets */; };
		4C2370B428981CE6000B9B64 /* RATP_testTests.swift in Sources */ = {isa = PBXBuildFile; fileRef = 4C2370B328981CE6000B9B64 /* RATP_testTests.swift */; };
		4C2370BE28981CE6000B9B64 /* RATP_testUITests.swift in Sources */ = {isa = PBXBuildFile; fileRef = 4C2370BD28981CE6000B9B64 /* RATP_testUITests.swift */; };
		4C2370C028981CE6000B9B64 /* RATP_testUITestsLaunchTests.swift in Sources */ = {isa = PBXBuildFile; fileRef = 4C2370BF28981CE6000B9B64 /* RATP_testUITestsLaunchTests.swift */; };
		4C2370CE28981D79000B9B64 /* Alamofire in Frameworks */ = {isa = PBXBuildFile; productRef = 4C2370CD28981D79000B9B64 /* Alamofire */; };
		4C2370D228981E26000B9B64 /* Localizable.strings in Resources */ = {isa = PBXBuildFile; fileRef = 4C2370D428981E26000B9B64 /* Localizable.strings */; };
		4C2370D728981E3C000B9B64 /* Localizable_fr.strings in Resources */ = {isa = PBXBuildFile; fileRef = 4C2370D928981E3C000B9B64 /* Localizable_fr.strings */; };
		4C4DD210289992DF00238991 /* PublicToiletModel.swift in Sources */ = {isa = PBXBuildFile; fileRef = 4C4DD20F289992DF00238991 /* PublicToiletModel.swift */; };
		4C4DD21428999C7200238991 /* PublicToiletResponse.swift in Sources */ = {isa = PBXBuildFile; fileRef = 4C4DD21328999C7200238991 /* PublicToiletResponse.swift */; };
		4C4DD2162899AAD300238991 /* PublicToiletGeometry.swift in Sources */ = {isa = PBXBuildFile; fileRef = 4C4DD2152899AAD300238991 /* PublicToiletGeometry.swift */; };
		4C4DD2182899AAF700238991 /* PublicToiletType.swift in Sources */ = {isa = PBXBuildFile; fileRef = 4C4DD2172899AAF700238991 /* PublicToiletType.swift */; };
		4C95F6142899C8200090477A /* RATPDesign in Frameworks */ = {isa = PBXBuildFile; productRef = 4C95F6132899C8200090477A /* RATPDesign */; };
		4C95F6162899C8200090477A /* RATPL10n in Frameworks */ = {isa = PBXBuildFile; productRef = 4C95F6152899C8200090477A /* RATPL10n */; };
		4C95F6182899C8200090477A /* RATPNetwork in Frameworks */ = {isa = PBXBuildFile; productRef = 4C95F6172899C8200090477A /* RATPNetwork */; };
		4CB3C54F2899B42300A30591 /* PublicToiletFields.swift in Sources */ = {isa = PBXBuildFile; fileRef = 4CB3C54E2899B42300A30591 /* PublicToiletFields.swift */; };
		4CB3C5522899B46000A30591 /* HomeViewModel.swift in Sources */ = {isa = PBXBuildFile; fileRef = 4CB3C5512899B46000A30591 /* HomeViewModel.swift */; };
		4CB3C5552899BA5700A30591 /* PublicToiletCell.swift in Sources */ = {isa = PBXBuildFile; fileRef = 4CB3C5542899BA5700A30591 /* PublicToiletCell.swift */; };
		4CB3C5572899BFFF00A30591 /* PublicToiletCellViewModel.swift in Sources */ = {isa = PBXBuildFile; fileRef = 4CB3C5562899BFFF00A30591 /* PublicToiletCellViewModel.swift */; };
/* End PBXBuildFile section */

/* Begin PBXContainerItemProxy section */
		4C2370B028981CE6000B9B64 /* PBXContainerItemProxy */ = {
			isa = PBXContainerItemProxy;
			containerPortal = 4C23709728981CE5000B9B64 /* Project object */;
			proxyType = 1;
			remoteGlobalIDString = 4C23709E28981CE5000B9B64;
			remoteInfo = RATP_test;
		};
		4C2370BA28981CE6000B9B64 /* PBXContainerItemProxy */ = {
			isa = PBXContainerItemProxy;
			containerPortal = 4C23709728981CE5000B9B64 /* Project object */;
			proxyType = 1;
			remoteGlobalIDString = 4C23709E28981CE5000B9B64;
			remoteInfo = RATP_test;
		};
/* End PBXContainerItemProxy section */

/* Begin PBXFileReference section */
		4C23709F28981CE5000B9B64 /* RATP_test.app */ = {isa = PBXFileReference; explicitFileType = wrapper.application; includeInIndex = 0; path = RATP_test.app; sourceTree = BUILT_PRODUCTS_DIR; };
		4C2370A228981CE5000B9B64 /* RATP_testApp.swift */ = {isa = PBXFileReference; lastKnownFileType = sourcecode.swift; path = RATP_testApp.swift; sourceTree = "<group>"; };
		4C2370A428981CE5000B9B64 /* HomeView.swift */ = {isa = PBXFileReference; lastKnownFileType = sourcecode.swift; path = HomeView.swift; sourceTree = "<group>"; };
		4C2370A628981CE6000B9B64 /* Assets.xcassets */ = {isa = PBXFileReference; lastKnownFileType = folder.assetcatalog; path = Assets.xcassets; sourceTree = "<group>"; };
		4C2370A928981CE6000B9B64 /* Preview Assets.xcassets */ = {isa = PBXFileReference; lastKnownFileType = folder.assetcatalog; path = "Preview Assets.xcassets"; sourceTree = "<group>"; };
		4C2370AF28981CE6000B9B64 /* RATP_testTests.xctest */ = {isa = PBXFileReference; explicitFileType = wrapper.cfbundle; includeInIndex = 0; path = RATP_testTests.xctest; sourceTree = BUILT_PRODUCTS_DIR; };
		4C2370B328981CE6000B9B64 /* RATP_testTests.swift */ = {isa = PBXFileReference; lastKnownFileType = sourcecode.swift; path = RATP_testTests.swift; sourceTree = "<group>"; };
		4C2370B928981CE6000B9B64 /* RATP_testUITests.xctest */ = {isa = PBXFileReference; explicitFileType = wrapper.cfbundle; includeInIndex = 0; path = RATP_testUITests.xctest; sourceTree = BUILT_PRODUCTS_DIR; };
		4C2370BD28981CE6000B9B64 /* RATP_testUITests.swift */ = {isa = PBXFileReference; lastKnownFileType = sourcecode.swift; path = RATP_testUITests.swift; sourceTree = "<group>"; };
		4C2370BF28981CE6000B9B64 /* RATP_testUITestsLaunchTests.swift */ = {isa = PBXFileReference; lastKnownFileType = sourcecode.swift; path = RATP_testUITestsLaunchTests.swift; sourceTree = "<group>"; };
		4C2370D328981E26000B9B64 /* en */ = {isa = PBXFileReference; lastKnownFileType = text.plist.strings; name = en; path = en.lproj/Localizable.strings; sourceTree = "<group>"; };
		4C2370D828981E3C000B9B64 /* fr */ = {isa = PBXFileReference; lastKnownFileType = text.plist.strings; name = fr; path = fr.lproj/Localizable_fr.strings; sourceTree = "<group>"; };
		4C4DD20F289992DF00238991 /* PublicToiletModel.swift */ = {isa = PBXFileReference; lastKnownFileType = sourcecode.swift; path = PublicToiletModel.swift; sourceTree = "<group>"; };
		4C4DD21328999C7200238991 /* PublicToiletResponse.swift */ = {isa = PBXFileReference; lastKnownFileType = sourcecode.swift; path = PublicToiletResponse.swift; sourceTree = "<group>"; };
		4C4DD2152899AAD300238991 /* PublicToiletGeometry.swift */ = {isa = PBXFileReference; lastKnownFileType = sourcecode.swift; path = PublicToiletGeometry.swift; sourceTree = "<group>"; };
		4C4DD2172899AAF700238991 /* PublicToiletType.swift */ = {isa = PBXFileReference; lastKnownFileType = sourcecode.swift; path = PublicToiletType.swift; sourceTree = "<group>"; };
		4C9B538F2899C5AC0007B3EC /* RATPNetwork */ = {isa = PBXFileReference; lastKnownFileType = wrapper; path = RATPNetwork; sourceTree = "<group>"; };
		4C9B53902899C5AC0007B3EC /* RATPL10n */ = {isa = PBXFileReference; lastKnownFileType = wrapper; path = RATPL10n; sourceTree = "<group>"; };
		4C9B53912899C5AC0007B3EC /* RATPDesign */ = {isa = PBXFileReference; lastKnownFileType = wrapper; path = RATPDesign; sourceTree = "<group>"; };
		4CB3C54E2899B42300A30591 /* PublicToiletFields.swift */ = {isa = PBXFileReference; lastKnownFileType = sourcecode.swift; path = PublicToiletFields.swift; sourceTree = "<group>"; };
		4CB3C5512899B46000A30591 /* HomeViewModel.swift */ = {isa = PBXFileReference; lastKnownFileType = sourcecode.swift; path = HomeViewModel.swift; sourceTree = "<group>"; };
		4CB3C5542899BA5700A30591 /* PublicToiletCell.swift */ = {isa = PBXFileReference; lastKnownFileType = sourcecode.swift; path = PublicToiletCell.swift; sourceTree = "<group>"; };
		4CB3C5562899BFFF00A30591 /* PublicToiletCellViewModel.swift */ = {isa = PBXFileReference; lastKnownFileType = sourcecode.swift; path = PublicToiletCellViewModel.swift; sourceTree = "<group>"; };
/* End PBXFileReference section */

/* Begin PBXFrameworksBuildPhase section */
		4C23709C28981CE5000B9B64 /* Frameworks */ = {
			isa = PBXFrameworksBuildPhase;
			buildActionMask = 2147483647;
			files = (
				4C95F6182899C8200090477A /* RATPNetwork in Frameworks */,
				4C95F6162899C8200090477A /* RATPL10n in Frameworks */,
				4C2370CE28981D79000B9B64 /* Alamofire in Frameworks */,
				4C95F6142899C8200090477A /* RATPDesign in Frameworks */,
			);
			runOnlyForDeploymentPostprocessing = 0;
		};
		4C2370AC28981CE6000B9B64 /* Frameworks */ = {
			isa = PBXFrameworksBuildPhase;
			buildActionMask = 2147483647;
			files = (
			);
			runOnlyForDeploymentPostprocessing = 0;
		};
		4C2370B628981CE6000B9B64 /* Frameworks */ = {
			isa = PBXFrameworksBuildPhase;
			buildActionMask = 2147483647;
			files = (
			);
			runOnlyForDeploymentPostprocessing = 0;
		};
/* End PBXFrameworksBuildPhase section */

/* Begin PBXGroup section */
		4C23709628981CE5000B9B64 = {
			isa = PBXGroup;
			children = (
				4C2370A128981CE5000B9B64 /* RATP_test */,
				4C2370B228981CE6000B9B64 /* RATP_testTests */,
				4C2370BC28981CE6000B9B64 /* RATP_testUITests */,
				4C2370A028981CE5000B9B64 /* Products */,
				4C2370E82898235D000B9B64 /* Frameworks */,
			);
			sourceTree = "<group>";
		};
		4C2370A028981CE5000B9B64 /* Products */ = {
			isa = PBXGroup;
			children = (
				4C23709F28981CE5000B9B64 /* RATP_test.app */,
				4C2370AF28981CE6000B9B64 /* RATP_testTests.xctest */,
				4C2370B928981CE6000B9B64 /* RATP_testUITests.xctest */,
			);
			name = Products;
			sourceTree = "<group>";
		};
		4C2370A128981CE5000B9B64 /* RATP_test */ = {
			isa = PBXGroup;
			children = (
				4C9B53912899C5AC0007B3EC /* RATPDesign */,
				4C9B53902899C5AC0007B3EC /* RATPL10n */,
				4C9B538F2899C5AC0007B3EC /* RATPNetwork */,
				4C2370A828981CE6000B9B64 /* Preview Content */,
				4C2370CF28981E02000B9B64 /* Ressources */,
				4C2370E12898202B000B9B64 /* Sources */,
			);
			path = RATP_test;
			sourceTree = "<group>";
		};
		4C2370A828981CE6000B9B64 /* Preview Content */ = {
			isa = PBXGroup;
			children = (
				4C2370A928981CE6000B9B64 /* Preview Assets.xcassets */,
			);
			path = "Preview Content";
			sourceTree = "<group>";
		};
		4C2370B228981CE6000B9B64 /* RATP_testTests */ = {
			isa = PBXGroup;
			children = (
				4C2370B328981CE6000B9B64 /* RATP_testTests.swift */,
			);
			path = RATP_testTests;
			sourceTree = "<group>";
		};
		4C2370BC28981CE6000B9B64 /* RATP_testUITests */ = {
			isa = PBXGroup;
			children = (
				4C2370BD28981CE6000B9B64 /* RATP_testUITests.swift */,
				4C2370BF28981CE6000B9B64 /* RATP_testUITestsLaunchTests.swift */,
			);
			path = RATP_testUITests;
			sourceTree = "<group>";
		};
		4C2370CF28981E02000B9B64 /* Ressources */ = {
			isa = PBXGroup;
			children = (
				4C2370A628981CE6000B9B64 /* Assets.xcassets */,
				4C2370D428981E26000B9B64 /* Localizable.strings */,
				4C2370D928981E3C000B9B64 /* Localizable_fr.strings */,
			);
			path = Ressources;
			sourceTree = "<group>";
		};
		4C2370E12898202B000B9B64 /* Sources */ = {
			isa = PBXGroup;
			children = (
				4C2370E2289820DF000B9B64 /* Extensions */,
				4C4DD20928998F5000238991 /* Models */,
				4C4DD20B28998F7E00238991 /* ViewModels */,
				4C4DD20A28998F5600238991 /* Views */,
			);
			path = Sources;
			sourceTree = "<group>";
		};
		4C2370E2289820DF000B9B64 /* Extensions */ = {
			isa = PBXGroup;
			children = (
			);
			path = Extensions;
			sourceTree = "<group>";
		};
		4C2370E82898235D000B9B64 /* Frameworks */ = {
			isa = PBXGroup;
			children = (
			);
			name = Frameworks;
			sourceTree = "<group>";
		};
		4C4DD20928998F5000238991 /* Models */ = {
			isa = PBXGroup;
			children = (
				4CB3C5502899B44900A30591 /* PublicToilet */,
				4CB3C5512899B46000A30591 /* HomeViewModel.swift */,
			);
			path = Models;
			sourceTree = "<group>";
		};
		4C4DD20A28998F5600238991 /* Views */ = {
			isa = PBXGroup;
			children = (
				4CB3C5532899BA3E00A30591 /* Cells */,
				4C2370A228981CE5000B9B64 /* RATP_testApp.swift */,
				4C2370A428981CE5000B9B64 /* HomeView.swift */,
			);
			path = Views;
			sourceTree = "<group>";
		};
		4C4DD20B28998F7E00238991 /* ViewModels */ = {
			isa = PBXGroup;
			children = (
				4CB3C5562899BFFF00A30591 /* PublicToiletCellViewModel.swift */,
			);
			path = ViewModels;
			sourceTree = "<group>";
		};
		4CB3C5502899B44900A30591 /* PublicToilet */ = {
			isa = PBXGroup;
			children = (
				4C4DD20F289992DF00238991 /* PublicToiletModel.swift */,
				4C4DD21328999C7200238991 /* PublicToiletResponse.swift */,
				4C4DD2152899AAD300238991 /* PublicToiletGeometry.swift */,
				4C4DD2172899AAF700238991 /* PublicToiletType.swift */,
				4CB3C54E2899B42300A30591 /* PublicToiletFields.swift */,
			);
			path = PublicToilet;
			sourceTree = "<group>";
		};
		4CB3C5532899BA3E00A30591 /* Cells */ = {
			isa = PBXGroup;
			children = (
				4CB3C5542899BA5700A30591 /* PublicToiletCell.swift */,
			);
			path = Cells;
			sourceTree = "<group>";
		};
/* End PBXGroup section */

/* Begin PBXNativeTarget section */
		4C23709E28981CE5000B9B64 /* RATP_test */ = {
			isa = PBXNativeTarget;
			buildConfigurationList = 4C2370C328981CE6000B9B64 /* Build configuration list for PBXNativeTarget "RATP_test" */;
			buildPhases = (
				4C23709B28981CE5000B9B64 /* Sources */,
				4C23709C28981CE5000B9B64 /* Frameworks */,
				4C23709D28981CE5000B9B64 /* Resources */,
			);
			buildRules = (
			);
			dependencies = (
			);
			name = RATP_test;
			packageProductDependencies = (
				4C2370CD28981D79000B9B64 /* Alamofire */,
				4C95F6132899C8200090477A /* RATPDesign */,
				4C95F6152899C8200090477A /* RATPL10n */,
				4C95F6172899C8200090477A /* RATPNetwork */,
			);
			productName = RATP_test;
			productReference = 4C23709F28981CE5000B9B64 /* RATP_test.app */;
			productType = "com.apple.product-type.application";
		};
		4C2370AE28981CE6000B9B64 /* RATP_testTests */ = {
			isa = PBXNativeTarget;
			buildConfigurationList = 4C2370C628981CE6000B9B64 /* Build configuration list for PBXNativeTarget "RATP_testTests" */;
			buildPhases = (
				4C2370AB28981CE6000B9B64 /* Sources */,
				4C2370AC28981CE6000B9B64 /* Frameworks */,
				4C2370AD28981CE6000B9B64 /* Resources */,
			);
			buildRules = (
			);
			dependencies = (
				4C2370B128981CE6000B9B64 /* PBXTargetDependency */,
			);
			name = RATP_testTests;
			productName = RATP_testTests;
			productReference = 4C2370AF28981CE6000B9B64 /* RATP_testTests.xctest */;
			productType = "com.apple.product-type.bundle.unit-test";
		};
		4C2370B828981CE6000B9B64 /* RATP_testUITests */ = {
			isa = PBXNativeTarget;
			buildConfigurationList = 4C2370C928981CE6000B9B64 /* Build configuration list for PBXNativeTarget "RATP_testUITests" */;
			buildPhases = (
				4C2370B528981CE6000B9B64 /* Sources */,
				4C2370B628981CE6000B9B64 /* Frameworks */,
				4C2370B728981CE6000B9B64 /* Resources */,
			);
			buildRules = (
			);
			dependencies = (
				4C2370BB28981CE6000B9B64 /* PBXTargetDependency */,
			);
			name = RATP_testUITests;
			productName = RATP_testUITests;
			productReference = 4C2370B928981CE6000B9B64 /* RATP_testUITests.xctest */;
			productType = "com.apple.product-type.bundle.ui-testing";
		};
/* End PBXNativeTarget section */

/* Begin PBXProject section */
		4C23709728981CE5000B9B64 /* Project object */ = {
			isa = PBXProject;
			attributes = {
				BuildIndependentTargetsInParallel = 1;
				LastSwiftUpdateCheck = 1340;
				LastUpgradeCheck = 1340;
				TargetAttributes = {
					4C23709E28981CE5000B9B64 = {
						CreatedOnToolsVersion = 13.4.1;
					};
					4C2370AE28981CE6000B9B64 = {
						CreatedOnToolsVersion = 13.4.1;
						TestTargetID = 4C23709E28981CE5000B9B64;
					};
					4C2370B828981CE6000B9B64 = {
						CreatedOnToolsVersion = 13.4.1;
						TestTargetID = 4C23709E28981CE5000B9B64;
					};
				};
			};
			buildConfigurationList = 4C23709A28981CE5000B9B64 /* Build configuration list for PBXProject "RATP_test" */;
			compatibilityVersion = "Xcode 13.0";
			developmentRegion = en;
			hasScannedForEncodings = 0;
			knownRegions = (
				en,
				Base,
				fr,
			);
			mainGroup = 4C23709628981CE5000B9B64;
			packageReferences = (
				4C2370CC28981D79000B9B64 /* XCRemoteSwiftPackageReference "Alamofire" */,
			);
			productRefGroup = 4C2370A028981CE5000B9B64 /* Products */;
			projectDirPath = "";
			projectRoot = "";
			targets = (
				4C23709E28981CE5000B9B64 /* RATP_test */,
				4C2370AE28981CE6000B9B64 /* RATP_testTests */,
				4C2370B828981CE6000B9B64 /* RATP_testUITests */,
			);
		};
/* End PBXProject section */

/* Begin PBXResourcesBuildPhase section */
		4C23709D28981CE5000B9B64 /* Resources */ = {
			isa = PBXResourcesBuildPhase;
			buildActionMask = 2147483647;
			files = (
				4C2370AA28981CE6000B9B64 /* Preview Assets.xcassets in Resources */,
				4C2370D228981E26000B9B64 /* Localizable.strings in Resources */,
				4C2370A728981CE6000B9B64 /* Assets.xcassets in Resources */,
				4C2370D728981E3C000B9B64 /* Localizable_fr.strings in Resources */,
			);
			runOnlyForDeploymentPostprocessing = 0;
		};
		4C2370AD28981CE6000B9B64 /* Resources */ = {
			isa = PBXResourcesBuildPhase;
			buildActionMask = 2147483647;
			files = (
			);
			runOnlyForDeploymentPostprocessing = 0;
		};
		4C2370B728981CE6000B9B64 /* Resources */ = {
			isa = PBXResourcesBuildPhase;
			buildActionMask = 2147483647;
			files = (
			);
			runOnlyForDeploymentPostprocessing = 0;
		};
/* End PBXResourcesBuildPhase section */

/* Begin PBXSourcesBuildPhase section */
		4C23709B28981CE5000B9B64 /* Sources */ = {
			isa = PBXSourcesBuildPhase;
			buildActionMask = 2147483647;
			files = (
				4C4DD21428999C7200238991 /* PublicToiletResponse.swift in Sources */,
				4CB3C5522899B46000A30591 /* HomeViewModel.swift in Sources */,
				4CB3C5572899BFFF00A30591 /* PublicToiletCellViewModel.swift in Sources */,
				4C4DD210289992DF00238991 /* PublicToiletModel.swift in Sources */,
				4C4DD2162899AAD300238991 /* PublicToiletGeometry.swift in Sources */,
				4CB3C5552899BA5700A30591 /* PublicToiletCell.swift in Sources */,
				4CB3C54F2899B42300A30591 /* PublicToiletFields.swift in Sources */,
				4C4DD2182899AAF700238991 /* PublicToiletType.swift in Sources */,
				4C2370A528981CE5000B9B64 /* HomeView.swift in Sources */,
				4C2370A328981CE5000B9B64 /* RATP_testApp.swift in Sources */,
			);
			runOnlyForDeploymentPostprocessing = 0;
		};
		4C2370AB28981CE6000B9B64 /* Sources */ = {
			isa = PBXSourcesBuildPhase;
			buildActionMask = 2147483647;
			files = (
				4C2370B428981CE6000B9B64 /* RATP_testTests.swift in Sources */,
			);
			runOnlyForDeploymentPostprocessing = 0;
		};
		4C2370B528981CE6000B9B64 /* Sources */ = {
			isa = PBXSourcesBuildPhase;
			buildActionMask = 2147483647;
			files = (
				4C2370BE28981CE6000B9B64 /* RATP_testUITests.swift in Sources */,
				4C2370C028981CE6000B9B64 /* RATP_testUITestsLaunchTests.swift in Sources */,
			);
			runOnlyForDeploymentPostprocessing = 0;
		};
/* End PBXSourcesBuildPhase section */

/* Begin PBXTargetDependency section */
		4C2370B128981CE6000B9B64 /* PBXTargetDependency */ = {
			isa = PBXTargetDependency;
			target = 4C23709E28981CE5000B9B64 /* RATP_test */;
			targetProxy = 4C2370B028981CE6000B9B64 /* PBXContainerItemProxy */;
		};
		4C2370BB28981CE6000B9B64 /* PBXTargetDependency */ = {
			isa = PBXTargetDependency;
			target = 4C23709E28981CE5000B9B64 /* RATP_test */;
			targetProxy = 4C2370BA28981CE6000B9B64 /* PBXContainerItemProxy */;
		};
/* End PBXTargetDependency section */

/* Begin PBXVariantGroup section */
		4C2370D428981E26000B9B64 /* Localizable.strings */ = {
			isa = PBXVariantGroup;
			children = (
				4C2370D328981E26000B9B64 /* en */,
			);
			name = Localizable.strings;
			sourceTree = "<group>";
		};
		4C2370D928981E3C000B9B64 /* Localizable_fr.strings */ = {
			isa = PBXVariantGroup;
			children = (
				4C2370D828981E3C000B9B64 /* fr */,
			);
			name = Localizable_fr.strings;
			sourceTree = "<group>";
		};
/* End PBXVariantGroup section */

/* Begin XCBuildConfiguration section */
		4C2370C128981CE6000B9B64 /* Debug */ = {
			isa = XCBuildConfiguration;
			buildSettings = {
				ALWAYS_SEARCH_USER_PATHS = NO;
				CLANG_ANALYZER_NONNULL = YES;
				CLANG_ANALYZER_NUMBER_OBJECT_CONVERSION = YES_AGGRESSIVE;
				CLANG_CXX_LANGUAGE_STANDARD = "gnu++17";
				CLANG_ENABLE_MODULES = YES;
				CLANG_ENABLE_OBJC_ARC = YES;
				CLANG_ENABLE_OBJC_WEAK = YES;
				CLANG_WARN_BLOCK_CAPTURE_AUTORELEASING = YES;
				CLANG_WARN_BOOL_CONVERSION = YES;
				CLANG_WARN_COMMA = YES;
				CLANG_WARN_CONSTANT_CONVERSION = YES;
				CLANG_WARN_DEPRECATED_OBJC_IMPLEMENTATIONS = YES;
				CLANG_WARN_DIRECT_OBJC_ISA_USAGE = YES_ERROR;
				CLANG_WARN_DOCUMENTATION_COMMENTS = YES;
				CLANG_WARN_EMPTY_BODY = YES;
				CLANG_WARN_ENUM_CONVERSION = YES;
				CLANG_WARN_INFINITE_RECURSION = YES;
				CLANG_WARN_INT_CONVERSION = YES;
				CLANG_WARN_NON_LITERAL_NULL_CONVERSION = YES;
				CLANG_WARN_OBJC_IMPLICIT_RETAIN_SELF = YES;
				CLANG_WARN_OBJC_LITERAL_CONVERSION = YES;
				CLANG_WARN_OBJC_ROOT_CLASS = YES_ERROR;
				CLANG_WARN_QUOTED_INCLUDE_IN_FRAMEWORK_HEADER = YES;
				CLANG_WARN_RANGE_LOOP_ANALYSIS = YES;
				CLANG_WARN_STRICT_PROTOTYPES = YES;
				CLANG_WARN_SUSPICIOUS_MOVE = YES;
				CLANG_WARN_UNGUARDED_AVAILABILITY = YES_AGGRESSIVE;
				CLANG_WARN_UNREACHABLE_CODE = YES;
				CLANG_WARN__DUPLICATE_METHOD_MATCH = YES;
				COPY_PHASE_STRIP = NO;
				DEBUG_INFORMATION_FORMAT = dwarf;
				ENABLE_STRICT_OBJC_MSGSEND = YES;
				ENABLE_TESTABILITY = YES;
				GCC_C_LANGUAGE_STANDARD = gnu11;
				GCC_DYNAMIC_NO_PIC = NO;
				GCC_NO_COMMON_BLOCKS = YES;
				GCC_OPTIMIZATION_LEVEL = 0;
				GCC_PREPROCESSOR_DEFINITIONS = (
					"DEBUG=1",
					"$(inherited)",
				);
				GCC_WARN_64_TO_32_BIT_CONVERSION = YES;
				GCC_WARN_ABOUT_RETURN_TYPE = YES_ERROR;
				GCC_WARN_UNDECLARED_SELECTOR = YES;
				GCC_WARN_UNINITIALIZED_AUTOS = YES_AGGRESSIVE;
				GCC_WARN_UNUSED_FUNCTION = YES;
				GCC_WARN_UNUSED_VARIABLE = YES;
				IPHONEOS_DEPLOYMENT_TARGET = 14.0;
				MTL_ENABLE_DEBUG_INFO = INCLUDE_SOURCE;
				MTL_FAST_MATH = YES;
				ONLY_ACTIVE_ARCH = YES;
				SDKROOT = iphoneos;
				SWIFT_ACTIVE_COMPILATION_CONDITIONS = DEBUG;
				SWIFT_OPTIMIZATION_LEVEL = "-Onone";
			};
			name = Debug;
		};
		4C2370C228981CE6000B9B64 /* Release */ = {
			isa = XCBuildConfiguration;
			buildSettings = {
				ALWAYS_SEARCH_USER_PATHS = NO;
				CLANG_ANALYZER_NONNULL = YES;
				CLANG_ANALYZER_NUMBER_OBJECT_CONVERSION = YES_AGGRESSIVE;
				CLANG_CXX_LANGUAGE_STANDARD = "gnu++17";
				CLANG_ENABLE_MODULES = YES;
				CLANG_ENABLE_OBJC_ARC = YES;
				CLANG_ENABLE_OBJC_WEAK = YES;
				CLANG_WARN_BLOCK_CAPTURE_AUTORELEASING = YES;
				CLANG_WARN_BOOL_CONVERSION = YES;
				CLANG_WARN_COMMA = YES;
				CLANG_WARN_CONSTANT_CONVERSION = YES;
				CLANG_WARN_DEPRECATED_OBJC_IMPLEMENTATIONS = YES;
				CLANG_WARN_DIRECT_OBJC_ISA_USAGE = YES_ERROR;
				CLANG_WARN_DOCUMENTATION_COMMENTS = YES;
				CLANG_WARN_EMPTY_BODY = YES;
				CLANG_WARN_ENUM_CONVERSION = YES;
				CLANG_WARN_INFINITE_RECURSION = YES;
				CLANG_WARN_INT_CONVERSION = YES;
				CLANG_WARN_NON_LITERAL_NULL_CONVERSION = YES;
				CLANG_WARN_OBJC_IMPLICIT_RETAIN_SELF = YES;
				CLANG_WARN_OBJC_LITERAL_CONVERSION = YES;
				CLANG_WARN_OBJC_ROOT_CLASS = YES_ERROR;
				CLANG_WARN_QUOTED_INCLUDE_IN_FRAMEWORK_HEADER = YES;
				CLANG_WARN_RANGE_LOOP_ANALYSIS = YES;
				CLANG_WARN_STRICT_PROTOTYPES = YES;
				CLANG_WARN_SUSPICIOUS_MOVE = YES;
				CLANG_WARN_UNGUARDED_AVAILABILITY = YES_AGGRESSIVE;
				CLANG_WARN_UNREACHABLE_CODE = YES;
				CLANG_WARN__DUPLICATE_METHOD_MATCH = YES;
				COPY_PHASE_STRIP = NO;
				DEBUG_INFORMATION_FORMAT = "dwarf-with-dsym";
				ENABLE_NS_ASSERTIONS = NO;
				ENABLE_STRICT_OBJC_MSGSEND = YES;
				GCC_C_LANGUAGE_STANDARD = gnu11;
				GCC_NO_COMMON_BLOCKS = YES;
				GCC_WARN_64_TO_32_BIT_CONVERSION = YES;
				GCC_WARN_ABOUT_RETURN_TYPE = YES_ERROR;
				GCC_WARN_UNDECLARED_SELECTOR = YES;
				GCC_WARN_UNINITIALIZED_AUTOS = YES_AGGRESSIVE;
				GCC_WARN_UNUSED_FUNCTION = YES;
				GCC_WARN_UNUSED_VARIABLE = YES;
				IPHONEOS_DEPLOYMENT_TARGET = 14.0;
				MTL_ENABLE_DEBUG_INFO = NO;
				MTL_FAST_MATH = YES;
				SDKROOT = iphoneos;
				SWIFT_COMPILATION_MODE = wholemodule;
				SWIFT_OPTIMIZATION_LEVEL = "-O";
				VALIDATE_PRODUCT = YES;
			};
			name = Release;
		};
		4C2370C428981CE6000B9B64 /* Debug */ = {
			isa = XCBuildConfiguration;
			buildSettings = {
				ASSETCATALOG_COMPILER_APPICON_NAME = AppIcon;
				ASSETCATALOG_COMPILER_GLOBAL_ACCENT_COLOR_NAME = AccentColor;
				CODE_SIGN_STYLE = Automatic;
				CURRENT_PROJECT_VERSION = 1;
				DEVELOPMENT_ASSET_PATHS = "\"RATP_test/Preview Content\"";
				ENABLE_PREVIEWS = YES;
				GENERATE_INFOPLIST_FILE = YES;
				INFOPLIST_KEY_UIApplicationSceneManifest_Generation = YES;
				INFOPLIST_KEY_UIApplicationSupportsIndirectInputEvents = YES;
				INFOPLIST_KEY_UILaunchScreen_Generation = YES;
				INFOPLIST_KEY_UISupportedInterfaceOrientations_iPad = "UIInterfaceOrientationPortrait UIInterfaceOrientationPortraitUpsideDown UIInterfaceOrientationLandscapeLeft UIInterfaceOrientationLandscapeRight";
				INFOPLIST_KEY_UISupportedInterfaceOrientations_iPhone = "UIInterfaceOrientationPortrait UIInterfaceOrientationLandscapeLeft UIInterfaceOrientationLandscapeRight";
				IPHONEOS_DEPLOYMENT_TARGET = 14.0;
				LD_RUNPATH_SEARCH_PATHS = (
					"$(inherited)",
					"@executable_path/Frameworks",
				);
				MARKETING_VERSION = 1.0;
				PRODUCT_BUNDLE_IDENTIFIER = "com.SERVALINNOVATION.RATP-test";
				PRODUCT_NAME = "$(TARGET_NAME)";
				SWIFT_EMIT_LOC_STRINGS = YES;
				SWIFT_VERSION = 5.0;
				TARGETED_DEVICE_FAMILY = 1;
			};
			name = Debug;
		};
		4C2370C528981CE6000B9B64 /* Release */ = {
			isa = XCBuildConfiguration;
			buildSettings = {
				ASSETCATALOG_COMPILER_APPICON_NAME = AppIcon;
				ASSETCATALOG_COMPILER_GLOBAL_ACCENT_COLOR_NAME = AccentColor;
				CODE_SIGN_STYLE = Automatic;
				CURRENT_PROJECT_VERSION = 1;
				DEVELOPMENT_ASSET_PATHS = "\"RATP_test/Preview Content\"";
				ENABLE_PREVIEWS = YES;
				GENERATE_INFOPLIST_FILE = YES;
				INFOPLIST_KEY_UIApplicationSceneManifest_Generation = YES;
				INFOPLIST_KEY_UIApplicationSupportsIndirectInputEvents = YES;
				INFOPLIST_KEY_UILaunchScreen_Generation = YES;
				INFOPLIST_KEY_UISupportedInterfaceOrientations_iPad = "UIInterfaceOrientationPortrait UIInterfaceOrientationPortraitUpsideDown UIInterfaceOrientationLandscapeLeft UIInterfaceOrientationLandscapeRight";
				INFOPLIST_KEY_UISupportedInterfaceOrientations_iPhone = "UIInterfaceOrientationPortrait UIInterfaceOrientationLandscapeLeft UIInterfaceOrientationLandscapeRight";
				IPHONEOS_DEPLOYMENT_TARGET = 14.0;
				LD_RUNPATH_SEARCH_PATHS = (
					"$(inherited)",
					"@executable_path/Frameworks",
				);
				MARKETING_VERSION = 1.0;
				PRODUCT_BUNDLE_IDENTIFIER = "com.SERVALINNOVATION.RATP-test";
				PRODUCT_NAME = "$(TARGET_NAME)";
				SWIFT_EMIT_LOC_STRINGS = YES;
				SWIFT_VERSION = 5.0;
				TARGETED_DEVICE_FAMILY = 1;
			};
			name = Release;
		};
		4C2370C728981CE6000B9B64 /* Debug */ = {
			isa = XCBuildConfiguration;
			buildSettings = {
				ALWAYS_EMBED_SWIFT_STANDARD_LIBRARIES = YES;
				BUNDLE_LOADER = "$(TEST_HOST)";
				CODE_SIGN_STYLE = Automatic;
				CURRENT_PROJECT_VERSION = 1;
				GENERATE_INFOPLIST_FILE = YES;
				IPHONEOS_DEPLOYMENT_TARGET = 15.5;
				MARKETING_VERSION = 1.0;
				PRODUCT_BUNDLE_IDENTIFIER = "com.SERVALINNOVATION.RATP-testTests";
				PRODUCT_NAME = "$(TARGET_NAME)";
				SWIFT_EMIT_LOC_STRINGS = NO;
				SWIFT_VERSION = 5.0;
				TARGETED_DEVICE_FAMILY = "1,2";
				TEST_HOST = "$(BUILT_PRODUCTS_DIR)/RATP_test.app/RATP_test";
			};
			name = Debug;
		};
		4C2370C828981CE6000B9B64 /* Release */ = {
			isa = XCBuildConfiguration;
			buildSettings = {
				ALWAYS_EMBED_SWIFT_STANDARD_LIBRARIES = YES;
				BUNDLE_LOADER = "$(TEST_HOST)";
				CODE_SIGN_STYLE = Automatic;
				CURRENT_PROJECT_VERSION = 1;
				GENERATE_INFOPLIST_FILE = YES;
				IPHONEOS_DEPLOYMENT_TARGET = 15.5;
				MARKETING_VERSION = 1.0;
				PRODUCT_BUNDLE_IDENTIFIER = "com.SERVALINNOVATION.RATP-testTests";
				PRODUCT_NAME = "$(TARGET_NAME)";
				SWIFT_EMIT_LOC_STRINGS = NO;
				SWIFT_VERSION = 5.0;
				TARGETED_DEVICE_FAMILY = "1,2";
				TEST_HOST = "$(BUILT_PRODUCTS_DIR)/RATP_test.app/RATP_test";
			};
			name = Release;
		};
		4C2370CA28981CE6000B9B64 /* Debug */ = {
			isa = XCBuildConfiguration;
			buildSettings = {
				ALWAYS_EMBED_SWIFT_STANDARD_LIBRARIES = YES;
				CODE_SIGN_STYLE = Automatic;
				CURRENT_PROJECT_VERSION = 1;
				GENERATE_INFOPLIST_FILE = YES;
				MARKETING_VERSION = 1.0;
				PRODUCT_BUNDLE_IDENTIFIER = "com.SERVALINNOVATION.RATP-testUITests";
				PRODUCT_NAME = "$(TARGET_NAME)";
				SWIFT_EMIT_LOC_STRINGS = NO;
				SWIFT_VERSION = 5.0;
				TARGETED_DEVICE_FAMILY = "1,2";
				TEST_TARGET_NAME = RATP_test;
			};
			name = Debug;
		};
		4C2370CB28981CE6000B9B64 /* Release */ = {
			isa = XCBuildConfiguration;
			buildSettings = {
				ALWAYS_EMBED_SWIFT_STANDARD_LIBRARIES = YES;
				CODE_SIGN_STYLE = Automatic;
				CURRENT_PROJECT_VERSION = 1;
				GENERATE_INFOPLIST_FILE = YES;
				MARKETING_VERSION = 1.0;
				PRODUCT_BUNDLE_IDENTIFIER = "com.SERVALINNOVATION.RATP-testUITests";
				PRODUCT_NAME = "$(TARGET_NAME)";
				SWIFT_EMIT_LOC_STRINGS = NO;
				SWIFT_VERSION = 5.0;
				TARGETED_DEVICE_FAMILY = "1,2";
				TEST_TARGET_NAME = RATP_test;
			};
			name = Release;
		};
/* End XCBuildConfiguration section */

/* Begin XCConfigurationList section */
		4C23709A28981CE5000B9B64 /* Build configuration list for PBXProject "RATP_test" */ = {
			isa = XCConfigurationList;
			buildConfigurations = (
				4C2370C128981CE6000B9B64 /* Debug */,
				4C2370C228981CE6000B9B64 /* Release */,
			);
			defaultConfigurationIsVisible = 0;
			defaultConfigurationName = Release;
		};
		4C2370C328981CE6000B9B64 /* Build configuration list for PBXNativeTarget "RATP_test" */ = {
			isa = XCConfigurationList;
			buildConfigurations = (
				4C2370C428981CE6000B9B64 /* Debug */,
				4C2370C528981CE6000B9B64 /* Release */,
			);
			defaultConfigurationIsVisible = 0;
			defaultConfigurationName = Release;
		};
		4C2370C628981CE6000B9B64 /* Build configuration list for PBXNativeTarget "RATP_testTests" */ = {
			isa = XCConfigurationList;
			buildConfigurations = (
				4C2370C728981CE6000B9B64 /* Debug */,
				4C2370C828981CE6000B9B64 /* Release */,
			);
			defaultConfigurationIsVisible = 0;
			defaultConfigurationName = Release;
		};
		4C2370C928981CE6000B9B64 /* Build configuration list for PBXNativeTarget "RATP_testUITests" */ = {
			isa = XCConfigurationList;
			buildConfigurations = (
				4C2370CA28981CE6000B9B64 /* Debug */,
				4C2370CB28981CE6000B9B64 /* Release */,
			);
			defaultConfigurationIsVisible = 0;
			defaultConfigurationName = Release;
		};
/* End XCConfigurationList section */

/* Begin XCRemoteSwiftPackageReference section */
		4C2370CC28981D79000B9B64 /* XCRemoteSwiftPackageReference "Alamofire" */ = {
			isa = XCRemoteSwiftPackageReference;
			repositoryURL = "https://github.com/Alamofire/Alamofire.git";
			requirement = {
				kind = upToNextMajorVersion;
				minimumVersion = 5.0.0;
			};
		};
/* End XCRemoteSwiftPackageReference section */

/* Begin XCSwiftPackageProductDependency section */
		4C2370CD28981D79000B9B64 /* Alamofire */ = {
			isa = XCSwiftPackageProductDependency;
			package = 4C2370CC28981D79000B9B64 /* XCRemoteSwiftPackageReference "Alamofire" */;
			productName = Alamofire;
		};
		4C95F6132899C8200090477A /* RATPDesign */ = {
			isa = XCSwiftPackageProductDependency;
			productName = RATPDesign;
		};
		4C95F6152899C8200090477A /* RATPL10n */ = {
			isa = XCSwiftPackageProductDependency;
			productName = RATPL10n;
		};
		4C95F6172899C8200090477A /* RATPNetwork */ = {
			isa = XCSwiftPackageProductDependency;
			productName = RATPNetwork;
		};
/* End XCSwiftPackageProductDependency section */
	};
	rootObject = 4C23709728981CE5000B9B64 /* Project object */;
}
